
Microsoft Visual Studio Solution File, Format Version 12.00
# Visual Studio Version 16
VisualStudioVersion = 16.0.29926.136
MinimumVisualStudioVersion = 10.0.40219.1
Project("{FAE04EC0-301F-11D3-BF4B-00C04F79EFBC}") = "realtimechat", "realtimechat\realtimechat.csproj", "{88F19455-E66F-4584-98A4-A9E7A65FAC15}"
EndProject
Global
	GlobalSection(SolutionConfigurationPlatforms) = preSolution
		Debug|Any CPU = Debug|Any CPU
		Release|Any CPU = Release|Any CPU
	EndGlobalSection
	GlobalSection(ProjectConfigurationPlatforms) = postSolution
		{88F19455-E66F-4584-98A4-A9E7A65FAC15}.Debug|Any CPU.ActiveCfg = Debug|Any CPU
		{88F19455-E66F-4584-98A4-A9E7A65FAC15}.Debug|Any CPU.Build.0 = Debug|Any CPU
		{88F19455-E66F-4584-98A4-A9E7A65FAC15}.Release|Any CPU.ActiveCfg = Release|Any CPU
		{88F19455-E66F-4584-98A4-A9E7A65FAC15}.Release|Any CPU.Build.0 = Release|Any CPU
	EndGlobalSection
	GlobalSection(SolutionProperties) = preSolution
		HideSolutionNode = FALSE
	EndGlobalSection
	GlobalSection(ExtensibilityGlobals) = postSolution
		SolutionGuid = {E21AE302-ECE4-4ED0-A968-301218219DE5}
	EndGlobalSection
EndGlobal
